// !$*UTF8*$!
{
	archiveVersion = 1;
	classes = {
	};
	objectVersion = 56;
	objects = {

/* Begin PBXBuildFile section */
		F238583A2926A1C00065DE0B /* AppDelegate.m in Sources */ = {isa = PBXBuildFile; fileRef = F23858392926A1C00065DE0B /* AppDelegate.m */; };
		F238583C2926A1C10065DE0B /* Assets.xcassets in Resources */ = {isa = PBXBuildFile; fileRef = F238583B2926A1C10065DE0B /* Assets.xcassets */; };
		F238583F2926A1C10065DE0B /* MainMenu.xib in Resources */ = {isa = PBXBuildFile; fileRef = F238583D2926A1C10065DE0B /* MainMenu.xib */; };
		F23858412926A1C10065DE0B /* main.m in Sources */ = {isa = PBXBuildFile; fileRef = F23858402926A1C10065DE0B /* main.m */; };
		F23858572926A1FB0065DE0B /* DDHAPIClient.m in Sources */ = {isa = PBXBuildFile; fileRef = F23858562926A1FB0065DE0B /* DDHAPIClient.m */; };
		F238585A2926ABF20065DE0B /* DDHToot.m in Sources */ = {isa = PBXBuildFile; fileRef = F23858592926ABF20065DE0B /* DDHToot.m */; };
		F238585F2926ACA30065DE0B /* DDHAccount.m in Sources */ = {isa = PBXBuildFile; fileRef = F238585E2926ACA30065DE0B /* DDHAccount.m */; };
		F23858632926AFA70065DE0B /* DDHRequestFactory.m in Sources */ = {isa = PBXBuildFile; fileRef = F23858622926AFA70065DE0B /* DDHRequestFactory.m */; };
		F23858652926BCAB0065DE0B /* DDHRequestFactoryTests.m in Sources */ = {isa = PBXBuildFile; fileRef = F23858642926BCAB0065DE0B /* DDHRequestFactoryTests.m */; };
		F238586B2926D31C0065DE0B /* DDHTimelineViewController.m in Sources */ = {isa = PBXBuildFile; fileRef = F23858692926D31C0065DE0B /* DDHTimelineViewController.m */; };
		F238586C2926D31C0065DE0B /* DDHTimelineViewController.xib in Resources */ = {isa = PBXBuildFile; fileRef = F238586A2926D31C0065DE0B /* DDHTimelineViewController.xib */; };
		F23858702926D7B20065DE0B /* DDHTimelineCellView.m in Sources */ = {isa = PBXBuildFile; fileRef = F238586F2926D7B20065DE0B /* DDHTimelineCellView.m */; };
		F2C7B1CB292A23AE00554EA2 /* DDHImageLoader.m in Sources */ = {isa = PBXBuildFile; fileRef = F2C7B1CA292A23AE00554EA2 /* DDHImageLoader.m */; };
		F2C7B1CF2930B82900554EA2 /* DDHServerInputViewController.m in Sources */ = {isa = PBXBuildFile; fileRef = F2C7B1CD2930B82900554EA2 /* DDHServerInputViewController.m */; };
		F2C7B1D02930B82900554EA2 /* DDHServerInputViewController.xib in Resources */ = {isa = PBXBuildFile; fileRef = F2C7B1CE2930B82900554EA2 /* DDHServerInputViewController.xib */; };
		F2C7B1FB2935084B00554EA2 /* DDHKeychain.m in Sources */ = {isa = PBXBuildFile; fileRef = F2C7B1FA2935084B00554EA2 /* DDHKeychain.m */; };
		F2C7B1FF29350EF400554EA2 /* DDHConstants.m in Sources */ = {isa = PBXBuildFile; fileRef = F2C7B1FE29350EF400554EA2 /* DDHConstants.m */; };
		F2C7B20129351BA100554EA2 /* DDHClientKeys.m in Sources */ = {isa = PBXBuildFile; fileRef = F2C7B20029351BA100554EA2 /* DDHClientKeys.m */; };
/* End PBXBuildFile section */

/* Begin PBXContainerItemProxy section */
		F23858502926A1D60065DE0B /* PBXContainerItemProxy */ = {
			isa = PBXContainerItemProxy;
			containerPortal = F238582D2926A1C00065DE0B /* Project object */;
			proxyType = 1;
			remoteGlobalIDString = F23858342926A1C00065DE0B;
			remoteInfo = Astrodon;
		};
/* End PBXContainerItemProxy section */

/* Begin PBXFileReference section */
		F23858352926A1C00065DE0B /* Astrodon.app */ = {isa = PBXFileReference; explicitFileType = wrapper.application; includeInIndex = 0; path = Astrodon.app; sourceTree = BUILT_PRODUCTS_DIR; };
		F23858382926A1C00065DE0B /* AppDelegate.h */ = {isa = PBXFileReference; lastKnownFileType = sourcecode.c.h; path = AppDelegate.h; sourceTree = "<group>"; };
		F23858392926A1C00065DE0B /* AppDelegate.m */ = {isa = PBXFileReference; lastKnownFileType = sourcecode.c.objc; path = AppDelegate.m; sourceTree = "<group>"; };
		F238583B2926A1C10065DE0B /* Assets.xcassets */ = {isa = PBXFileReference; lastKnownFileType = folder.assetcatalog; path = Assets.xcassets; sourceTree = "<group>"; };
		F238583E2926A1C10065DE0B /* Base */ = {isa = PBXFileReference; lastKnownFileType = file.xib; name = Base; path = Base.lproj/MainMenu.xib; sourceTree = "<group>"; };
		F23858402926A1C10065DE0B /* main.m */ = {isa = PBXFileReference; lastKnownFileType = sourcecode.c.objc; path = main.m; sourceTree = "<group>"; };
		F23858422926A1C10065DE0B /* Astrodon.entitlements */ = {isa = PBXFileReference; lastKnownFileType = text.plist.entitlements; path = Astrodon.entitlements; sourceTree = "<group>"; };
		F238584C2926A1D60065DE0B /* AstrodonTests.xctest */ = {isa = PBXFileReference; explicitFileType = wrapper.cfbundle; includeInIndex = 0; path = AstrodonTests.xctest; sourceTree = BUILT_PRODUCTS_DIR; };
		F23858552926A1FB0065DE0B /* DDHAPIClient.h */ = {isa = PBXFileReference; lastKnownFileType = sourcecode.c.h; path = DDHAPIClient.h; sourceTree = "<group>"; };
		F23858562926A1FB0065DE0B /* DDHAPIClient.m */ = {isa = PBXFileReference; lastKnownFileType = sourcecode.c.objc; path = DDHAPIClient.m; sourceTree = "<group>"; };
		F23858582926ABF20065DE0B /* DDHToot.h */ = {isa = PBXFileReference; lastKnownFileType = sourcecode.c.h; path = DDHToot.h; sourceTree = "<group>"; };
		F23858592926ABF20065DE0B /* DDHToot.m */ = {isa = PBXFileReference; lastKnownFileType = sourcecode.c.objc; path = DDHToot.m; sourceTree = "<group>"; };
		F238585D2926ACA30065DE0B /* DDHAccount.h */ = {isa = PBXFileReference; lastKnownFileType = sourcecode.c.h; path = DDHAccount.h; sourceTree = "<group>"; };
		F238585E2926ACA30065DE0B /* DDHAccount.m */ = {isa = PBXFileReference; lastKnownFileType = sourcecode.c.objc; path = DDHAccount.m; sourceTree = "<group>"; };
		F23858602926AF690065DE0B /* DDHEndpoint.h */ = {isa = PBXFileReference; lastKnownFileType = sourcecode.c.h; path = DDHEndpoint.h; sourceTree = "<group>"; };
		F23858612926AFA70065DE0B /* DDHRequestFactory.h */ = {isa = PBXFileReference; lastKnownFileType = sourcecode.c.h; path = DDHRequestFactory.h; sourceTree = "<group>"; };
		F23858622926AFA70065DE0B /* DDHRequestFactory.m */ = {isa = PBXFileReference; lastKnownFileType = sourcecode.c.objc; path = DDHRequestFactory.m; sourceTree = "<group>"; };
		F23858642926BCAB0065DE0B /* DDHRequestFactoryTests.m */ = {isa = PBXFileReference; lastKnownFileType = sourcecode.c.objc; path = DDHRequestFactoryTests.m; sourceTree = "<group>"; };
		F23858672926CCDD0065DE0B /* DDHErrorCodes.h */ = {isa = PBXFileReference; lastKnownFileType = sourcecode.c.h; path = DDHErrorCodes.h; sourceTree = "<group>"; };
		F23858682926D31C0065DE0B /* DDHTimelineViewController.h */ = {isa = PBXFileReference; lastKnownFileType = sourcecode.c.h; path = DDHTimelineViewController.h; sourceTree = "<group>"; };
		F23858692926D31C0065DE0B /* DDHTimelineViewController.m */ = {isa = PBXFileReference; lastKnownFileType = sourcecode.c.objc; path = DDHTimelineViewController.m; sourceTree = "<group>"; };
		F238586A2926D31C0065DE0B /* DDHTimelineViewController.xib */ = {isa = PBXFileReference; lastKnownFileType = file.xib; path = DDHTimelineViewController.xib; sourceTree = "<group>"; };
		F238586E2926D7B20065DE0B /* DDHTimelineCellView.h */ = {isa = PBXFileReference; lastKnownFileType = sourcecode.c.h; path = DDHTimelineCellView.h; sourceTree = "<group>"; };
		F238586F2926D7B20065DE0B /* DDHTimelineCellView.m */ = {isa = PBXFileReference; lastKnownFileType = sourcecode.c.objc; path = DDHTimelineCellView.m; sourceTree = "<group>"; };
		F2C7B1C9292A23AE00554EA2 /* DDHImageLoader.h */ = {isa = PBXFileReference; lastKnownFileType = sourcecode.c.h; path = DDHImageLoader.h; sourceTree = "<group>"; };
		F2C7B1CA292A23AE00554EA2 /* DDHImageLoader.m */ = {isa = PBXFileReference; lastKnownFileType = sourcecode.c.objc; path = DDHImageLoader.m; sourceTree = "<group>"; };
		F2C7B1CC2930B82900554EA2 /* DDHServerInputViewController.h */ = {isa = PBXFileReference; lastKnownFileType = sourcecode.c.h; path = DDHServerInputViewController.h; sourceTree = "<group>"; };
		F2C7B1CD2930B82900554EA2 /* DDHServerInputViewController.m */ = {isa = PBXFileReference; lastKnownFileType = sourcecode.c.objc; path = DDHServerInputViewController.m; sourceTree = "<group>"; };
		F2C7B1CE2930B82900554EA2 /* DDHServerInputViewController.xib */ = {isa = PBXFileReference; lastKnownFileType = file.xib; path = DDHServerInputViewController.xib; sourceTree = "<group>"; };
		F2C7B1F82934A52100554EA2 /* DDHClientKeys.h */ = {isa = PBXFileReference; lastKnownFileType = sourcecode.c.h; path = DDHClientKeys.h; sourceTree = "<group>"; };
		F2C7B1F92935084B00554EA2 /* DDHKeychain.h */ = {isa = PBXFileReference; lastKnownFileType = sourcecode.c.h; path = DDHKeychain.h; sourceTree = "<group>"; };
		F2C7B1FA2935084B00554EA2 /* DDHKeychain.m */ = {isa = PBXFileReference; lastKnownFileType = sourcecode.c.objc; path = DDHKeychain.m; sourceTree = "<group>"; };
		F2C7B1FD29350EF400554EA2 /* DDHConstants.h */ = {isa = PBXFileReference; lastKnownFileType = sourcecode.c.h; path = DDHConstants.h; sourceTree = "<group>"; };
		F2C7B1FE29350EF400554EA2 /* DDHConstants.m */ = {isa = PBXFileReference; lastKnownFileType = sourcecode.c.objc; path = DDHConstants.m; sourceTree = "<group>"; };
		F2C7B20029351BA100554EA2 /* DDHClientKeys.m */ = {isa = PBXFileReference; lastKnownFileType = sourcecode.c.objc; path = DDHClientKeys.m; sourceTree = "<group>"; };
/* End PBXFileReference section */

/* Begin PBXFrameworksBuildPhase section */
		F23858322926A1C00065DE0B /* Frameworks */ = {
			isa = PBXFrameworksBuildPhase;
			buildActionMask = 2147483647;
			files = (
			);
			runOnlyForDeploymentPostprocessing = 0;
		};
		F23858492926A1D60065DE0B /* Frameworks */ = {
			isa = PBXFrameworksBuildPhase;
			buildActionMask = 2147483647;
			files = (
			);
			runOnlyForDeploymentPostprocessing = 0;
		};
/* End PBXFrameworksBuildPhase section */

/* Begin PBXGroup section */
		F238582C2926A1C00065DE0B = {
			isa = PBXGroup;
			children = (
				F23858372926A1C00065DE0B /* Astrodon */,
				F238584D2926A1D60065DE0B /* AstrodonTests */,
				F23858362926A1C00065DE0B /* Products */,
			);
			sourceTree = "<group>";
		};
		F23858362926A1C00065DE0B /* Products */ = {
			isa = PBXGroup;
			children = (
				F23858352926A1C00065DE0B /* Astrodon.app */,
				F238584C2926A1D60065DE0B /* AstrodonTests.xctest */,
			);
			name = Products;
			sourceTree = "<group>";
		};
		F23858372926A1C00065DE0B /* Astrodon */ = {
			isa = PBXGroup;
			children = (
				F23858382926A1C00065DE0B /* AppDelegate.h */,
				F23858392926A1C00065DE0B /* AppDelegate.m */,
				F2C7B1F92935084B00554EA2 /* DDHKeychain.h */,
				F2C7B1FA2935084B00554EA2 /* DDHKeychain.m */,
				F2C7B1FD29350EF400554EA2 /* DDHConstants.h */,
				F2C7B1FE29350EF400554EA2 /* DDHConstants.m */,
				F2C7B1D12930B83300554EA2 /* Server Input */,
				F238586D2926D3240065DE0B /* Timeline */,
				F238585B2926ABF70065DE0B /* Networking */,
				F238585C2926AC010065DE0B /* Model */,
				F238583B2926A1C10065DE0B /* Assets.xcassets */,
				F238583D2926A1C10065DE0B /* MainMenu.xib */,
				F23858402926A1C10065DE0B /* main.m */,
				F23858422926A1C10065DE0B /* Astrodon.entitlements */,
			);
			path = Astrodon;
			sourceTree = "<group>";
		};
		F238584D2926A1D60065DE0B /* AstrodonTests */ = {
			isa = PBXGroup;
			children = (
				F23858662926BCB90065DE0B /* Networking */,
			);
			path = AstrodonTests;
			sourceTree = "<group>";
		};
		F238585B2926ABF70065DE0B /* Networking */ = {
			isa = PBXGroup;
			children = (
				F2C7B1F82934A52100554EA2 /* DDHClientKeys.h */,
				F2C7B20029351BA100554EA2 /* DDHClientKeys.m */,
				F23858552926A1FB0065DE0B /* DDHAPIClient.h */,
				F23858562926A1FB0065DE0B /* DDHAPIClient.m */,
				F23858612926AFA70065DE0B /* DDHRequestFactory.h */,
				F23858622926AFA70065DE0B /* DDHRequestFactory.m */,
				F23858602926AF690065DE0B /* DDHEndpoint.h */,
				F23858672926CCDD0065DE0B /* DDHErrorCodes.h */,
				F2C7B1C9292A23AE00554EA2 /* DDHImageLoader.h */,
				F2C7B1CA292A23AE00554EA2 /* DDHImageLoader.m */,
			);
			path = Networking;
			sourceTree = "<group>";
		};
		F238585C2926AC010065DE0B /* Model */ = {
			isa = PBXGroup;
			children = (
				F23858582926ABF20065DE0B /* DDHToot.h */,
				F23858592926ABF20065DE0B /* DDHToot.m */,
				F238585D2926ACA30065DE0B /* DDHAccount.h */,
				F238585E2926ACA30065DE0B /* DDHAccount.m */,
			);
			path = Model;
			sourceTree = "<group>";
		};
		F23858662926BCB90065DE0B /* Networking */ = {
			isa = PBXGroup;
			children = (
				F23858642926BCAB0065DE0B /* DDHRequestFactoryTests.m */,
			);
			path = Networking;
			sourceTree = "<group>";
		};
		F238586D2926D3240065DE0B /* Timeline */ = {
			isa = PBXGroup;
			children = (
				F23858682926D31C0065DE0B /* DDHTimelineViewController.h */,
				F23858692926D31C0065DE0B /* DDHTimelineViewController.m */,
				F238586A2926D31C0065DE0B /* DDHTimelineViewController.xib */,
				F238586E2926D7B20065DE0B /* DDHTimelineCellView.h */,
				F238586F2926D7B20065DE0B /* DDHTimelineCellView.m */,
			);
			path = Timeline;
			sourceTree = "<group>";
		};
		F2C7B1D12930B83300554EA2 /* Server Input */ = {
			isa = PBXGroup;
			children = (
				F2C7B1CC2930B82900554EA2 /* DDHServerInputViewController.h */,
				F2C7B1CD2930B82900554EA2 /* DDHServerInputViewController.m */,
				F2C7B1CE2930B82900554EA2 /* DDHServerInputViewController.xib */,
			);
			path = "Server Input";
			sourceTree = "<group>";
		};
/* End PBXGroup section */

/* Begin PBXNativeTarget section */
		F23858342926A1C00065DE0B /* Astrodon */ = {
			isa = PBXNativeTarget;
			buildConfigurationList = F23858452926A1C10065DE0B /* Build configuration list for PBXNativeTarget "Astrodon" */;
			buildPhases = (
				F23858312926A1C00065DE0B /* Sources */,
				F23858322926A1C00065DE0B /* Frameworks */,
				F23858332926A1C00065DE0B /* Resources */,
			);
			buildRules = (
			);
			dependencies = (
			);
			name = Astrodon;
			productName = Astrodon;
			productReference = F23858352926A1C00065DE0B /* Astrodon.app */;
			productType = "com.apple.product-type.application";
		};
		F238584B2926A1D60065DE0B /* AstrodonTests */ = {
			isa = PBXNativeTarget;
			buildConfigurationList = F23858522926A1D60065DE0B /* Build configuration list for PBXNativeTarget "AstrodonTests" */;
			buildPhases = (
				F23858482926A1D60065DE0B /* Sources */,
				F23858492926A1D60065DE0B /* Frameworks */,
				F238584A2926A1D60065DE0B /* Resources */,
			);
			buildRules = (
			);
			dependencies = (
				F23858512926A1D60065DE0B /* PBXTargetDependency */,
			);
			name = AstrodonTests;
			productName = AstrodonTests;
			productReference = F238584C2926A1D60065DE0B /* AstrodonTests.xctest */;
			productType = "com.apple.product-type.bundle.unit-test";
		};
/* End PBXNativeTarget section */

/* Begin PBXProject section */
		F238582D2926A1C00065DE0B /* Project object */ = {
			isa = PBXProject;
			attributes = {
				BuildIndependentTargetsInParallel = 1;
				LastUpgradeCheck = 1400;
				TargetAttributes = {
					F23858342926A1C00065DE0B = {
						CreatedOnToolsVersion = 14.0;
					};
					F238584B2926A1D60065DE0B = {
						CreatedOnToolsVersion = 14.0;
						TestTargetID = F23858342926A1C00065DE0B;
					};
				};
			};
			buildConfigurationList = F23858302926A1C00065DE0B /* Build configuration list for PBXProject "Astrodon" */;
			compatibilityVersion = "Xcode 14.0";
			developmentRegion = en;
			hasScannedForEncodings = 0;
			knownRegions = (
				en,
				Base,
			);
			mainGroup = F238582C2926A1C00065DE0B;
			productRefGroup = F23858362926A1C00065DE0B /* Products */;
			projectDirPath = "";
			projectRoot = "";
			targets = (
				F23858342926A1C00065DE0B /* Astrodon */,
				F238584B2926A1D60065DE0B /* AstrodonTests */,
			);
		};
/* End PBXProject section */

/* Begin PBXResourcesBuildPhase section */
		F23858332926A1C00065DE0B /* Resources */ = {
			isa = PBXResourcesBuildPhase;
			buildActionMask = 2147483647;
			files = (
				F238586C2926D31C0065DE0B /* DDHTimelineViewController.xib in Resources */,
				F238583C2926A1C10065DE0B /* Assets.xcassets in Resources */,
				F2C7B1D02930B82900554EA2 /* DDHServerInputViewController.xib in Resources */,
				F238583F2926A1C10065DE0B /* MainMenu.xib in Resources */,
			);
			runOnlyForDeploymentPostprocessing = 0;
		};
		F238584A2926A1D60065DE0B /* Resources */ = {
			isa = PBXResourcesBuildPhase;
			buildActionMask = 2147483647;
			files = (
			);
			runOnlyForDeploymentPostprocessing = 0;
		};
/* End PBXResourcesBuildPhase section */

/* Begin PBXSourcesBuildPhase section */
		F23858312926A1C00065DE0B /* Sources */ = {
			isa = PBXSourcesBuildPhase;
			buildActionMask = 2147483647;
			files = (
				F2C7B1CB292A23AE00554EA2 /* DDHImageLoader.m in Sources */,
				F23858412926A1C10065DE0B /* main.m in Sources */,
				F23858572926A1FB0065DE0B /* DDHAPIClient.m in Sources */,
				F23858702926D7B20065DE0B /* DDHTimelineCellView.m in Sources */,
				F2C7B1FB2935084B00554EA2 /* DDHKeychain.m in Sources */,
				F238585A2926ABF20065DE0B /* DDHToot.m in Sources */,
				F2C7B1FF29350EF400554EA2 /* DDHConstants.m in Sources */,
				F2C7B1CF2930B82900554EA2 /* DDHServerInputViewController.m in Sources */,
				F23858632926AFA70065DE0B /* DDHRequestFactory.m in Sources */,
				F238585F2926ACA30065DE0B /* DDHAccount.m in Sources */,
				F2C7B20129351BA100554EA2 /* DDHClientKeys.m in Sources */,
				F238586B2926D31C0065DE0B /* DDHTimelineViewController.m in Sources */,
				F238583A2926A1C00065DE0B /* AppDelegate.m in Sources */,
			);
			runOnlyForDeploymentPostprocessing = 0;
		};
		F23858482926A1D60065DE0B /* Sources */ = {
			isa = PBXSourcesBuildPhase;
			buildActionMask = 2147483647;
			files = (
				F23858652926BCAB0065DE0B /* DDHRequestFactoryTests.m in Sources */,
			);
			runOnlyForDeploymentPostprocessing = 0;
		};
/* End PBXSourcesBuildPhase section */

/* Begin PBXTargetDependency section */
		F23858512926A1D60065DE0B /* PBXTargetDependency */ = {
			isa = PBXTargetDependency;
			target = F23858342926A1C00065DE0B /* Astrodon */;
			targetProxy = F23858502926A1D60065DE0B /* PBXContainerItemProxy */;
		};
/* End PBXTargetDependency section */

/* Begin PBXVariantGroup section */
		F238583D2926A1C10065DE0B /* MainMenu.xib */ = {
			isa = PBXVariantGroup;
			children = (
				F238583E2926A1C10065DE0B /* Base */,
			);
			name = MainMenu.xib;
			sourceTree = "<group>";
		};
/* End PBXVariantGroup section */

/* Begin XCBuildConfiguration section */
		F23858432926A1C10065DE0B /* Debug */ = {
			isa = XCBuildConfiguration;
			buildSettings = {
				ALWAYS_SEARCH_USER_PATHS = NO;
				CLANG_ANALYZER_NONNULL = YES;
				CLANG_ANALYZER_NUMBER_OBJECT_CONVERSION = YES_AGGRESSIVE;
				CLANG_CXX_LANGUAGE_STANDARD = "gnu++20";
				CLANG_ENABLE_MODULES = YES;
				CLANG_ENABLE_OBJC_ARC = YES;
				CLANG_ENABLE_OBJC_WEAK = YES;
				CLANG_WARN_BLOCK_CAPTURE_AUTORELEASING = YES;
				CLANG_WARN_BOOL_CONVERSION = YES;
				CLANG_WARN_COMMA = YES;
				CLANG_WARN_CONSTANT_CONVERSION = YES;
				CLANG_WARN_DEPRECATED_OBJC_IMPLEMENTATIONS = YES;
				CLANG_WARN_DIRECT_OBJC_ISA_USAGE = YES_ERROR;
				CLANG_WARN_DOCUMENTATION_COMMENTS = YES;
				CLANG_WARN_EMPTY_BODY = YES;
				CLANG_WARN_ENUM_CONVERSION = YES;
				CLANG_WARN_INFINITE_RECURSION = YES;
				CLANG_WARN_INT_CONVERSION = YES;
				CLANG_WARN_NON_LITERAL_NULL_CONVERSION = YES;
				CLANG_WARN_OBJC_IMPLICIT_RETAIN_SELF = YES;
				CLANG_WARN_OBJC_LITERAL_CONVERSION = YES;
				CLANG_WARN_OBJC_ROOT_CLASS = YES_ERROR;
				CLANG_WARN_QUOTED_INCLUDE_IN_FRAMEWORK_HEADER = YES;
				CLANG_WARN_RANGE_LOOP_ANALYSIS = YES;
				CLANG_WARN_STRICT_PROTOTYPES = YES;
				CLANG_WARN_SUSPICIOUS_MOVE = YES;
				CLANG_WARN_UNGUARDED_AVAILABILITY = YES_AGGRESSIVE;
				CLANG_WARN_UNREACHABLE_CODE = YES;
				CLANG_WARN__DUPLICATE_METHOD_MATCH = YES;
				COPY_PHASE_STRIP = NO;
				DEBUG_INFORMATION_FORMAT = dwarf;
				ENABLE_STRICT_OBJC_MSGSEND = YES;
				ENABLE_TESTABILITY = YES;
				GCC_C_LANGUAGE_STANDARD = gnu11;
				GCC_DYNAMIC_NO_PIC = NO;
				GCC_NO_COMMON_BLOCKS = YES;
				GCC_OPTIMIZATION_LEVEL = 0;
				GCC_PREPROCESSOR_DEFINITIONS = (
					"DEBUG=1",
					"$(inherited)",
				);
				GCC_WARN_64_TO_32_BIT_CONVERSION = YES;
				GCC_WARN_ABOUT_RETURN_TYPE = YES_ERROR;
				GCC_WARN_UNDECLARED_SELECTOR = YES;
				GCC_WARN_UNINITIALIZED_AUTOS = YES_AGGRESSIVE;
				GCC_WARN_UNUSED_FUNCTION = YES;
				GCC_WARN_UNUSED_VARIABLE = YES;
				MACOSX_DEPLOYMENT_TARGET = 12.3;
				MTL_ENABLE_DEBUG_INFO = INCLUDE_SOURCE;
				MTL_FAST_MATH = YES;
				ONLY_ACTIVE_ARCH = YES;
				SDKROOT = macosx;
			};
			name = Debug;
		};
		F23858442926A1C10065DE0B /* Release */ = {
			isa = XCBuildConfiguration;
			buildSettings = {
				ALWAYS_SEARCH_USER_PATHS = NO;
				CLANG_ANALYZER_NONNULL = YES;
				CLANG_ANALYZER_NUMBER_OBJECT_CONVERSION = YES_AGGRESSIVE;
				CLANG_CXX_LANGUAGE_STANDARD = "gnu++20";
				CLANG_ENABLE_MODULES = YES;
				CLANG_ENABLE_OBJC_ARC = YES;
				CLANG_ENABLE_OBJC_WEAK = YES;
				CLANG_WARN_BLOCK_CAPTURE_AUTORELEASING = YES;
				CLANG_WARN_BOOL_CONVERSION = YES;
				CLANG_WARN_COMMA = YES;
				CLANG_WARN_CONSTANT_CONVERSION = YES;
				CLANG_WARN_DEPRECATED_OBJC_IMPLEMENTATIONS = YES;
				CLANG_WARN_DIRECT_OBJC_ISA_USAGE = YES_ERROR;
				CLANG_WARN_DOCUMENTATION_COMMENTS = YES;
				CLANG_WARN_EMPTY_BODY = YES;
				CLANG_WARN_ENUM_CONVERSION = YES;
				CLANG_WARN_INFINITE_RECURSION = YES;
				CLANG_WARN_INT_CONVERSION = YES;
				CLANG_WARN_NON_LITERAL_NULL_CONVERSION = YES;
				CLANG_WARN_OBJC_IMPLICIT_RETAIN_SELF = YES;
				CLANG_WARN_OBJC_LITERAL_CONVERSION = YES;
				CLANG_WARN_OBJC_ROOT_CLASS = YES_ERROR;
				CLANG_WARN_QUOTED_INCLUDE_IN_FRAMEWORK_HEADER = YES;
				CLANG_WARN_RANGE_LOOP_ANALYSIS = YES;
				CLANG_WARN_STRICT_PROTOTYPES = YES;
				CLANG_WARN_SUSPICIOUS_MOVE = YES;
				CLANG_WARN_UNGUARDED_AVAILABILITY = YES_AGGRESSIVE;
				CLANG_WARN_UNREACHABLE_CODE = YES;
				CLANG_WARN__DUPLICATE_METHOD_MATCH = YES;
				COPY_PHASE_STRIP = NO;
				DEBUG_INFORMATION_FORMAT = "dwarf-with-dsym";
				ENABLE_NS_ASSERTIONS = NO;
				ENABLE_STRICT_OBJC_MSGSEND = YES;
				GCC_C_LANGUAGE_STANDARD = gnu11;
				GCC_NO_COMMON_BLOCKS = YES;
				GCC_WARN_64_TO_32_BIT_CONVERSION = YES;
				GCC_WARN_ABOUT_RETURN_TYPE = YES_ERROR;
				GCC_WARN_UNDECLARED_SELECTOR = YES;
				GCC_WARN_UNINITIALIZED_AUTOS = YES_AGGRESSIVE;
				GCC_WARN_UNUSED_FUNCTION = YES;
				GCC_WARN_UNUSED_VARIABLE = YES;
				MACOSX_DEPLOYMENT_TARGET = 12.3;
				MTL_ENABLE_DEBUG_INFO = NO;
				MTL_FAST_MATH = YES;
				SDKROOT = macosx;
			};
			name = Release;
		};
		F23858462926A1C10065DE0B /* Debug */ = {
			isa = XCBuildConfiguration;
			buildSettings = {
				ASSETCATALOG_COMPILER_APPICON_NAME = AppIcon;
				ASSETCATALOG_COMPILER_GLOBAL_ACCENT_COLOR_NAME = AccentColor;
				CODE_SIGN_ENTITLEMENTS = Astrodon/Astrodon.entitlements;
				CODE_SIGN_STYLE = Automatic;
				COMBINE_HIDPI_IMAGES = YES;
				CURRENT_PROJECT_VERSION = 1;
				DEVELOPMENT_TEAM = Q6PD97MRX4;
				ENABLE_HARDENED_RUNTIME = YES;
				GCC_NO_COMMON_BLOCKS = NO;
				GENERATE_INFOPLIST_FILE = YES;
				INFOPLIST_KEY_NSHumanReadableCopyright = "";
				INFOPLIST_KEY_NSMainNibFile = MainMenu;
				INFOPLIST_KEY_NSPrincipalClass = NSApplication;
				LD_RUNPATH_SEARCH_PATHS = (
					"$(inherited)",
					"@executable_path/../Frameworks",
				);
				MARKETING_VERSION = 1.0;
				PRODUCT_BUNDLE_IDENTIFIER = de.dasdom.Astrodon;
				PRODUCT_NAME = "$(TARGET_NAME)";
				SWIFT_EMIT_LOC_STRINGS = YES;
			};
			name = Debug;
		};
		F23858472926A1C10065DE0B /* Release */ = {
			isa = XCBuildConfiguration;
			buildSettings = {
				ASSETCATALOG_COMPILER_APPICON_NAME = AppIcon;
				ASSETCATALOG_COMPILER_GLOBAL_ACCENT_COLOR_NAME = AccentColor;
				CODE_SIGN_ENTITLEMENTS = Astrodon/Astrodon.entitlements;
				CODE_SIGN_STYLE = Automatic;
				COMBINE_HIDPI_IMAGES = YES;
				CURRENT_PROJECT_VERSION = 1;
				DEVELOPMENT_TEAM = Q6PD97MRX4;
				ENABLE_HARDENED_RUNTIME = YES;
				GCC_NO_COMMON_BLOCKS = NO;
				GENERATE_INFOPLIST_FILE = YES;
				INFOPLIST_KEY_NSHumanReadableCopyright = "";
				INFOPLIST_KEY_NSMainNibFile = MainMenu;
				INFOPLIST_KEY_NSPrincipalClass = NSApplication;
				LD_RUNPATH_SEARCH_PATHS = (
					"$(inherited)",
					"@executable_path/../Frameworks",
				);
				MARKETING_VERSION = 1.0;
				PRODUCT_BUNDLE_IDENTIFIER = de.dasdom.Astrodon;
				PRODUCT_NAME = "$(TARGET_NAME)";
				SWIFT_EMIT_LOC_STRINGS = YES;
			};
			name = Release;
		};
		F23858532926A1D60065DE0B /* Debug */ = {
			isa = XCBuildConfiguration;
			buildSettings = {
				BUNDLE_LOADER = "$(TEST_HOST)";
				CODE_SIGN_STYLE = Automatic;
				CURRENT_PROJECT_VERSION = 1;
				DEVELOPMENT_TEAM = Q6PD97MRX4;
				GENERATE_INFOPLIST_FILE = YES;
				MARKETING_VERSION = 1.0;
				PRODUCT_BUNDLE_IDENTIFIER = de.dasdom.AstrodonTests;
				PRODUCT_NAME = "$(TARGET_NAME)";
				SWIFT_EMIT_LOC_STRINGS = NO;
				TEST_HOST = "$(BUILT_PRODUCTS_DIR)/Astrodon.app/$(BUNDLE_EXECUTABLE_FOLDER_PATH)/Astrodon";
			};
			name = Debug;
		};
		F23858542926A1D60065DE0B /* Release */ = {
			isa = XCBuildConfiguration;
			buildSettings = {
				BUNDLE_LOADER = "$(TEST_HOST)";
				CODE_SIGN_STYLE = Automatic;
				CURRENT_PROJECT_VERSION = 1;
				DEVELOPMENT_TEAM = Q6PD97MRX4;
				GENERATE_INFOPLIST_FILE = YES;
				MARKETING_VERSION = 1.0;
				PRODUCT_BUNDLE_IDENTIFIER = de.dasdom.AstrodonTests;
				PRODUCT_NAME = "$(TARGET_NAME)";
				SWIFT_EMIT_LOC_STRINGS = NO;
				TEST_HOST = "$(BUILT_PRODUCTS_DIR)/Astrodon.app/$(BUNDLE_EXECUTABLE_FOLDER_PATH)/Astrodon";
			};
			name = Release;
		};
/* End XCBuildConfiguration section */

/* Begin XCConfigurationList section */
		F23858302926A1C00065DE0B /* Build configuration list for PBXProject "Astrodon" */ = {
			isa = XCConfigurationList;
			buildConfigurations = (
				F23858432926A1C10065DE0B /* Debug */,
				F23858442926A1C10065DE0B /* Release */,
			);
			defaultConfigurationIsVisible = 0;
			defaultConfigurationName = Release;
		};
		F23858452926A1C10065DE0B /* Build configuration list for PBXNativeTarget "Astrodon" */ = {
			isa = XCConfigurationList;
			buildConfigurations = (
				F23858462926A1C10065DE0B /* Debug */,
				F23858472926A1C10065DE0B /* Release */,
			);
			defaultConfigurationIsVisible = 0;
			defaultConfigurationName = Release;
		};
		F23858522926A1D60065DE0B /* Build configuration list for PBXNativeTarget "AstrodonTests" */ = {
			isa = XCConfigurationList;
			buildConfigurations = (
				F23858532926A1D60065DE0B /* Debug */,
				F23858542926A1D60065DE0B /* Release */,
			);
			defaultConfigurationIsVisible = 0;
			defaultConfigurationName = Release;
		};
/* End XCConfigurationList section */
	};
	rootObject = F238582D2926A1C00065DE0B /* Project object */;
}
